Microsoft Visual Studio Solution File, Format Version 12.00
# Visual Studio Version 17
VisualStudioVersion = 17.5.2.0
MinimumVisualStudioVersion = 10.0.40219.1
Project("{2150E333-8FDC-42A3-9474-1A3956D46DE8}") = "workloads", "workloads", "{4684AFCD-5514-8D4F-C7F4-D98421F0F97D}"
EndProject
Project("{2150E333-8FDC-42A3-9474-1A3956D46DE8}") = "webapp", "webapp", "{95D8660B-652F-8D7E-5A58-14D0D96BA172}"
EndProject
Project("{FAE04EC0-301F-11D3-BF4B-00C04F79EFBC}") = "AmlabHello", "workloads\webapp\AmlabHello.csproj", "{D121E974-D4B6-3D40-EE03-82F6CB18C435}"
EndProject
Global
	GlobalSection(SolutionConfigurationPlatforms) = preSolution
		Debug|Any CPU = Debug|Any CPU
		Release|Any CPU = Release|Any CPU
	EndGlobalSection
	GlobalSection(ProjectConfigurationPlatforms) = postSolution
		{D121E974-D4B6-3D40-EE03-82F6CB18C435}.Debug|Any CPU.ActiveCfg = Debug|Any CPU
		{D121E974-D4B6-3D40-EE03-82F6CB18C435}.Debug|Any CPU.Build.0 = Debug|Any CPU
		{D121E974-D4B6-3D40-EE03-82F6CB18C435}.Release|Any CPU.ActiveCfg = Release|Any CPU
		{D121E974-D4B6-3D40-EE03-82F6CB18C435}.Release|Any CPU.Build.0 = Release|Any CPU
	EndGlobalSection
	GlobalSection(SolutionProperties) = preSolution
		HideSolutionNode = FALSE
	EndGlobalSection
	GlobalSection(NestedProjects) = preSolution
		{95D8660B-652F-8D7E-5A58-14D0D96BA172} = {4684AFCD-5514-8D4F-C7F4-D98421F0F97D}
		{D121E974-D4B6-3D40-EE03-82F6CB18C435} = {95D8660B-652F-8D7E-5A58-14D0D96BA172}
	EndGlobalSection
	GlobalSection(ExtensibilityGlobals) = postSolution
		SolutionGuid = {000A656A-7A84-4DA0-B517-389827CB37BD}
	EndGlobalSection
EndGlobal